// !$*UTF8*$!
{
	archiveVersion = 1;
	classes = {
	};
	objectVersion = 46;
	objects = {

/* Begin PBXBuildFile section */
		1D60589F0D05DD5A006BFB54 /* Foundation.framework in Frameworks */ = {isa = PBXBuildFile; fileRef = 1D30AB110D05D00D00671497 /* Foundation.framework */; };
		1DF5F4E00D08C38300B7A737 /* UIKit.framework in Frameworks */ = {isa = PBXBuildFile; fileRef = 1DF5F4DF0D08C38300B7A737 /* UIKit.framework */; };
		288765A50DF7441C002DB57D /* CoreGraphics.framework in Frameworks */ = {isa = PBXBuildFile; fileRef = 288765A40DF7441C002DB57D /* CoreGraphics.framework */; };
		28D801B40F44B63D00FB423F /* CoreData.framework in Frameworks */ = {isa = PBXBuildFile; fileRef = 28D801B30F44B63D00FB423F /* CoreData.framework */; };
		3F4BBE25130C749F00D3801C /* TwitterConnect.m in Sources */ = {isa = PBXBuildFile; fileRef = 3F4BBE23130C749F00D3801C /* TwitterConnect.m */; };
		3F9059CF130DCC6900425E47 /* O2Authentication.m in Sources */ = {isa = PBXBuildFile; fileRef = 3F9059CE130DCC6900425E47 /* O2Authentication.m */; };
		3F9873F4130D6FDE004F325C /* O2Navigation.m in Sources */ = {isa = PBXBuildFile; fileRef = 3F9873F3130D6FDE004F325C /* O2Navigation.m */; };
		3F987492130D9DF8004F325C /* MGTwitterEngine.m in Sources */ = {isa = PBXBuildFile; fileRef = 3F987473130D9DF8004F325C /* MGTwitterEngine.m */; };
		3F987493130D9DF8004F325C /* MGTwitterHTTPURLConnection.m in Sources */ = {isa = PBXBuildFile; fileRef = 3F987477130D9DF8004F325C /* MGTwitterHTTPURLConnection.m */; };
		3F987494130D9DF8004F325C /* MGTwitterLibXMLParser.m in Sources */ = {isa = PBXBuildFile; fileRef = 3F987479130D9DF8004F325C /* MGTwitterLibXMLParser.m */; };
		3F987495130D9DF8004F325C /* MGTwitterMessagesLibXMLParser.m in Sources */ = {isa = PBXBuildFile; fileRef = 3F98747B130D9DF8004F325C /* MGTwitterMessagesLibXMLParser.m */; };
		3F987496130D9DF8004F325C /* MGTwitterMessagesParser.m in Sources */ = {isa = PBXBuildFile; fileRef = 3F98747D130D9DF8004F325C /* MGTwitterMessagesParser.m */; };
		3F987497130D9DF8004F325C /* MGTwitterMiscLibXMLParser.m in Sources */ = {isa = PBXBuildFile; fileRef = 3F98747F130D9DF8004F325C /* MGTwitterMiscLibXMLParser.m */; };
		3F987498130D9DF8004F325C /* MGTwitterMiscParser.m in Sources */ = {isa = PBXBuildFile; fileRef = 3F987481130D9DF8004F325C /* MGTwitterMiscParser.m */; };
		3F987499130D9DF8004F325C /* MGTwitterStatusesLibXMLParser.m in Sources */ = {isa = PBXBuildFile; fileRef = 3F987485130D9DF8004F325C /* MGTwitterStatusesLibXMLParser.m */; };
		3F98749A130D9DF8004F325C /* MGTwitterStatusesParser.m in Sources */ = {isa = PBXBuildFile; fileRef = 3F987487130D9DF8004F325C /* MGTwitterStatusesParser.m */; };
		3F98749B130D9DF8004F325C /* MGTwitterUsersLibXMLParser.m in Sources */ = {isa = PBXBuildFile; fileRef = 3F987489130D9DF8004F325C /* MGTwitterUsersLibXMLParser.m */; };
		3F98749C130D9DF8004F325C /* MGTwitterUsersParser.m in Sources */ = {isa = PBXBuildFile; fileRef = 3F98748B130D9DF8004F325C /* MGTwitterUsersParser.m */; };
		3F98749D130D9DF8004F325C /* MGTwitterXMLParser.m in Sources */ = {isa = PBXBuildFile; fileRef = 3F98748D130D9DF8004F325C /* MGTwitterXMLParser.m */; };
		3F98749E130D9DF8004F325C /* NSData+Base64.m in Sources */ = {isa = PBXBuildFile; fileRef = 3F98748F130D9DF8004F325C /* NSData+Base64.m */; };
		3F98749F130D9DF8004F325C /* NSString+UUID.m in Sources */ = {isa = PBXBuildFile; fileRef = 3F987491130D9DF8004F325C /* NSString+UUID.m */; };
		3FA281AD130ECD1B00206747 /* Settings.m in Sources */ = {isa = PBXBuildFile; fileRef = 3FA281AB130ECD1B00206747 /* Settings.m */; };
		3FA281AE130ECD1B00206747 /* Settings.xib in Resources */ = {isa = PBXBuildFile; fileRef = 3FA281AC130ECD1B00206747 /* Settings.xib */; };
		3FADE390130B188E0067B564 /* BeerCounter.xcdatamodeld in Sources */ = {isa = PBXBuildFile; fileRef = 3FADE38E130B188E0067B564 /* BeerCounter.xcdatamodeld */; };
		3FB2DD1C130B034C00D76AD5 /* BeerCounterAppDelegate.m in Sources */ = {isa = PBXBuildFile; fileRef = 3FB2DD1B130B034C00D76AD5 /* BeerCounterAppDelegate.m */; };
		3FB2DD1F130B035800D76AD5 /* O2Request.m in Sources */ = {isa = PBXBuildFile; fileRef = 3FB2DD1E130B035800D76AD5 /* O2Request.m */; };
		3FB2DD22130B036800D76AD5 /* User.m in Sources */ = {isa = PBXBuildFile; fileRef = 3FB2DD21130B036800D76AD5 /* User.m */; };
		3FB2DD30130B037500D76AD5 /* NSObject+SBJSON.m in Sources */ = {isa = PBXBuildFile; fileRef = 3FB2DD25130B037500D76AD5 /* NSObject+SBJSON.m */; };
		3FB2DD31130B037500D76AD5 /* NSString+SBJSON.m in Sources */ = {isa = PBXBuildFile; fileRef = 3FB2DD27130B037500D76AD5 /* NSString+SBJSON.m */; };
		3FB2DD32130B037500D76AD5 /* SBJSON.m in Sources */ = {isa = PBXBuildFile; fileRef = 3FB2DD29130B037500D76AD5 /* SBJSON.m */; };
		3FB2DD33130B037500D76AD5 /* SBJsonBase.m in Sources */ = {isa = PBXBuildFile; fileRef = 3FB2DD2B130B037500D76AD5 /* SBJsonBase.m */; };
		3FB2DD34130B037500D76AD5 /* SBJsonParser.m in Sources */ = {isa = PBXBuildFile; fileRef = 3FB2DD2D130B037500D76AD5 /* SBJsonParser.m */; };
		3FB2DD35130B037500D76AD5 /* SBJsonWriter.m in Sources */ = {isa = PBXBuildFile; fileRef = 3FB2DD2F130B037500D76AD5 /* SBJsonWriter.m */; };
		3FB2DD43130B039500D76AD5 /* Facebook.m in Sources */ = {isa = PBXBuildFile; fileRef = 3FB2DD37130B039500D76AD5 /* Facebook.m */; };
		3FB2DD44130B039500D76AD5 /* FBConnect.bundle in Resources */ = {isa = PBXBuildFile; fileRef = 3FB2DD38130B039500D76AD5 /* FBConnect.bundle */; };
		3FB2DD45130B039500D76AD5 /* FBDialog.bundle in Resources */ = {isa = PBXBuildFile; fileRef = 3FB2DD3A130B039500D76AD5 /* FBDialog.bundle */; };
		3FB2DD46130B039500D76AD5 /* FBDialog.m in Sources */ = {isa = PBXBuildFile; fileRef = 3FB2DD3C130B039500D76AD5 /* FBDialog.m */; };
		3FB2DD47130B039500D76AD5 /* FBLoginButton.m in Sources */ = {isa = PBXBuildFile; fileRef = 3FB2DD3E130B039500D76AD5 /* FBLoginButton.m */; };
		3FB2DD48130B039500D76AD5 /* FBLoginDialog.m in Sources */ = {isa = PBXBuildFile; fileRef = 3FB2DD40130B039500D76AD5 /* FBLoginDialog.m */; };
		3FB2DD49130B039500D76AD5 /* FBRequest.m in Sources */ = {isa = PBXBuildFile; fileRef = 3FB2DD42130B039500D76AD5 /* FBRequest.m */; };
		3FB2DD4D130B03A600D76AD5 /* DrinkList.xib in Resources */ = {isa = PBXBuildFile; fileRef = 3FB2DD4A130B03A600D76AD5 /* DrinkList.xib */; };
		3FB2DD4E130B03A600D76AD5 /* DrinkList.m in Sources */ = {isa = PBXBuildFile; fileRef = 3FB2DD4C130B03A600D76AD5 /* DrinkList.m */; };
		3FB2DD55130B03B400D76AD5 /* Welcome.xib in Resources */ = {isa = PBXBuildFile; fileRef = 3FB2DD4F130B03B400D76AD5 /* Welcome.xib */; };
		3FB2DD56130B03B400D76AD5 /* Welcome.m in Sources */ = {isa = PBXBuildFile; fileRef = 3FB2DD51130B03B400D76AD5 /* Welcome.m */; };
		3FB2DD57130B03B400D76AD5 /* WelcomeFooter.xib in Resources */ = {isa = PBXBuildFile; fileRef = 3FB2DD52130B03B400D76AD5 /* WelcomeFooter.xib */; };
		3FB2DD58130B03B400D76AD5 /* WelcomeFooter.m in Sources */ = {isa = PBXBuildFile; fileRef = 3FB2DD54130B03B400D76AD5 /* WelcomeFooter.m */; };
		3FB2DD5D130B03CE00D76AD5 /* Counter.m in Sources */ = {isa = PBXBuildFile; fileRef = 3FB2DD5B130B03CE00D76AD5 /* Counter.m */; };
		3FB2DD5E130B03CE00D76AD5 /* Counter.xib in Resources */ = {isa = PBXBuildFile; fileRef = 3FB2DD5C130B03CE00D76AD5 /* Counter.xib */; };
		3FB2DD62130B03E100D76AD5 /* Home.xib in Resources */ = {isa = PBXBuildFile; fileRef = 3FB2DD5F130B03E100D76AD5 /* Home.xib */; };
		3FB2DD63130B03E100D76AD5 /* Home.m in Sources */ = {isa = PBXBuildFile; fileRef = 3FB2DD61130B03E100D76AD5 /* Home.m */; };
		3FB2DD6A130B03ED00D76AD5 /* SignUp.xib in Resources */ = {isa = PBXBuildFile; fileRef = 3FB2DD64130B03ED00D76AD5 /* SignUp.xib */; };
		3FB2DD6B130B03ED00D76AD5 /* SignUp.m in Sources */ = {isa = PBXBuildFile; fileRef = 3FB2DD66130B03ED00D76AD5 /* SignUp.m */; };
		3FB2DD6C130B03ED00D76AD5 /* SignUpFooter.xib in Resources */ = {isa = PBXBuildFile; fileRef = 3FB2DD67130B03ED00D76AD5 /* SignUpFooter.xib */; };
		3FB2DD6D130B03ED00D76AD5 /* SignUpFooter.m in Sources */ = {isa = PBXBuildFile; fileRef = 3FB2DD69130B03ED00D76AD5 /* SignUpFooter.m */; };
		3FB2DD75130B045B00D76AD5 /* main.m in Sources */ = {isa = PBXBuildFile; fileRef = 3FB2DD74130B045B00D76AD5 /* main.m */; };
		3FB2DD79130B046E00D76AD5 /* MainWindow.xib in Resources */ = {isa = PBXBuildFile; fileRef = 3FB2DD78130B046E00D76AD5 /* MainWindow.xib */; };
		3FB2DD7C130B062C00D76AD5 /* user.png in Resources */ = {isa = PBXBuildFile; fileRef = 3FB2DD7B130B062C00D76AD5 /* user.png */; };
		3FC3A29F130C209F00B7A567 /* SocialSignUp.xib in Resources */ = {isa = PBXBuildFile; fileRef = 3FC3A29C130C209F00B7A567 /* SocialSignUp.xib */; };
		3FC3A2A0130C209F00B7A567 /* SocialSignUp.m in Sources */ = {isa = PBXBuildFile; fileRef = 3FC3A29E130C209F00B7A567 /* SocialSignUp.m */; };
		3FC3A2A5130C302A00B7A567 /* AppGlobal.m in Sources */ = {isa = PBXBuildFile; fileRef = 3FC3A2A4130C302A00B7A567 /* AppGlobal.m */; };
		3FC3A2EA130C663900B7A567 /* jQueryInject.txt in Resources */ = {isa = PBXBuildFile; fileRef = 3FC3A2B0130C663900B7A567 /* jQueryInject.txt */; };
		3FC3A2EB130C663900B7A567 /* jQueryInjectLandscape.txt in Resources */ = {isa = PBXBuildFile; fileRef = 3FC3A2B1130C663900B7A567 /* jQueryInjectLandscape.txt */; };
		3FC3A2EC130C663900B7A567 /* libOAuth.a in Frameworks */ = {isa = PBXBuildFile; fileRef = 3FC3A2B2130C663900B7A567 /* libOAuth.a */; };
		3FC3A2FB130C663900B7A567 /* SA_OAuthTwitterController.m in Sources */ = {isa = PBXBuildFile; fileRef = 3FC3A2E6130C663900B7A567 /* SA_OAuthTwitterController.m */; };
		3FC3A2FC130C663900B7A567 /* SA_OAuthTwitterEngine.m in Sources */ = {isa = PBXBuildFile; fileRef = 3FC3A2E8130C663900B7A567 /* SA_OAuthTwitterEngine.m */; };
		3FC3A2FD130C663900B7A567 /* twitter_load.png in Resources */ = {isa = PBXBuildFile; fileRef = 3FC3A2E9130C663900B7A567 /* twitter_load.png */; };
		3FC3A31E130C6B9200B7A567 /* libxml2.dylib in Frameworks */ = {isa = PBXBuildFile; fileRef = 3FC3A31D130C6B9200B7A567 /* libxml2.dylib */; };
		3FD5DA07130EF0730002916F /* FriendFeeds.xib in Resources */ = {isa = PBXBuildFile; fileRef = 3FD5DA04130EF0730002916F /* FriendFeeds.xib */; };
		3FD5DA08130EF0730002916F /* FriendFeeds.m in Sources */ = {isa = PBXBuildFile; fileRef = 3FD5DA06130EF0730002916F /* FriendFeeds.m */; };
		3FDB672D130B317700145C7E /* O2FormHelper.m in Sources */ = {isa = PBXBuildFile; fileRef = 3FDB672C130B317700145C7E /* O2FormHelper.m */; };
/* End PBXBuildFile section */

/* Begin PBXFileReference section */
		1D30AB110D05D00D00671497 /* Foundation.framework */ = {isa = PBXFileReference; lastKnownFileType = wrapper.framework; name = Foundation.framework; path = System/Library/Frameworks/Foundation.framework; sourceTree = SDKROOT; };
		1DF5F4DF0D08C38300B7A737 /* UIKit.framework */ = {isa = PBXFileReference; lastKnownFileType = wrapper.framework; name = UIKit.framework; path = System/Library/Frameworks/UIKit.framework; sourceTree = SDKROOT; };
		288765A40DF7441C002DB57D /* CoreGraphics.framework */ = {isa = PBXFileReference; lastKnownFileType = wrapper.framework; name = CoreGraphics.framework; path = System/Library/Frameworks/CoreGraphics.framework; sourceTree = SDKROOT; };
		28D801B30F44B63D00FB423F /* CoreData.framework */ = {isa = PBXFileReference; lastKnownFileType = wrapper.framework; name = CoreData.framework; path = System/Library/Frameworks/CoreData.framework; sourceTree = SDKROOT; };
		3F4BBE22130C749F00D3801C /* TwitterConnect.h */ = {isa = PBXFileReference; fileEncoding = 4; lastKnownFileType = sourcecode.c.h; path = TwitterConnect.h; sourceTree = "<group>"; };
		3F4BBE23130C749F00D3801C /* TwitterConnect.m */ = {isa = PBXFileReference; fileEncoding = 4; lastKnownFileType = sourcecode.c.objc; path = TwitterConnect.m; sourceTree = "<group>"; };
		3F9059CD130DCC6900425E47 /* O2Authentication.h */ = {isa = PBXFileReference; fileEncoding = 4; lastKnownFileType = sourcecode.c.h; path = O2Authentication.h; sourceTree = "<group>"; };
		3F9059CE130DCC6900425E47 /* O2Authentication.m */ = {isa = PBXFileReference; fileEncoding = 4; lastKnownFileType = sourcecode.c.objc; path = O2Authentication.m; sourceTree = "<group>"; };
		3F9873F2130D6FDE004F325C /* O2Navigation.h */ = {isa = PBXFileReference; fileEncoding = 4; lastKnownFileType = sourcecode.c.h; path = O2Navigation.h; sourceTree = "<group>"; };
		3F9873F3130D6FDE004F325C /* O2Navigation.m */ = {isa = PBXFileReference; fileEncoding = 4; lastKnownFileType = sourcecode.c.objc; path = O2Navigation.m; sourceTree = "<group>"; };
		3F987472130D9DF8004F325C /* MGTwitterEngine.h */ = {isa = PBXFileReference; fileEncoding = 4; lastKnownFileType = sourcecode.c.h; path = MGTwitterEngine.h; sourceTree = "<group>"; };
		3F987473130D9DF8004F325C /* MGTwitterEngine.m */ = {isa = PBXFileReference; fileEncoding = 4; lastKnownFileType = sourcecode.c.objc; path = MGTwitterEngine.m; sourceTree = "<group>"; };
		3F987474130D9DF8004F325C /* MGTwitterEngineDelegate.h */ = {isa = PBXFileReference; fileEncoding = 4; lastKnownFileType = sourcecode.c.h; path = MGTwitterEngineDelegate.h; sourceTree = "<group>"; };
		3F987475130D9DF8004F325C /* MGTwitterEngineGlobalHeader.h */ = {isa = PBXFileReference; fileEncoding = 4; lastKnownFileType = sourcecode.c.h; path = MGTwitterEngineGlobalHeader.h; sourceTree = "<group>"; };
		3F987476130D9DF8004F325C /* MGTwitterHTTPURLConnection.h */ = {isa = PBXFileReference; fileEncoding = 4; lastKnownFileType = sourcecode.c.h; path = MGTwitterHTTPURLConnection.h; sourceTree = "<group>"; };
		3F987477130D9DF8004F325C /* MGTwitterHTTPURLConnection.m */ = {isa = PBXFileReference; fileEncoding = 4; lastKnownFileType = sourcecode.c.objc; path = MGTwitterHTTPURLConnection.m; sourceTree = "<group>"; };
		3F987478130D9DF8004F325C /* MGTwitterLibXMLParser.h */ = {isa = PBXFileReference; fileEncoding = 4; lastKnownFileType = sourcecode.c.h; path = MGTwitterLibXMLParser.h; sourceTree = "<group>"; };
		3F987479130D9DF8004F325C /* MGTwitterLibXMLParser.m */ = {isa = PBXFileReference; fileEncoding = 4; lastKnownFileType = sourcecode.c.objc; path = MGTwitterLibXMLParser.m; sourceTree = "<group>"; };
		3F98747A130D9DF8004F325C /* MGTwitterMessagesLibXMLParser.h */ = {isa = PBXFileReference; fileEncoding = 4; lastKnownFileType = sourcecode.c.h; path = MGTwitterMessagesLibXMLParser.h; sourceTree = "<group>"; };
		3F98747B130D9DF8004F325C /* MGTwitterMessagesLibXMLParser.m */ = {isa = PBXFileReference; fileEncoding = 4; lastKnownFileType = sourcecode.c.objc; path = MGTwitterMessagesLibXMLParser.m; sourceTree = "<group>"; };
		3F98747C130D9DF8004F325C /* MGTwitterMessagesParser.h */ = {isa = PBXFileReference; fileEncoding = 4; lastKnownFileType = sourcecode.c.h; path = MGTwitterMessagesParser.h; sourceTree = "<group>"; };
		3F98747D130D9DF8004F325C /* MGTwitterMessagesParser.m */ = {isa = PBXFileReference; fileEncoding = 4; lastKnownFileType = sourcecode.c.objc; path = MGTwitterMessagesParser.m; sourceTree = "<group>"; };
		3F98747E130D9DF8004F325C /* MGTwitterMiscLibXMLParser.h */ = {isa = PBXFileReference; fileEncoding = 4; lastKnownFileType = sourcecode.c.h; path = MGTwitterMiscLibXMLParser.h; sourceTree = "<group>"; };
		3F98747F130D9DF8004F325C /* MGTwitterMiscLibXMLParser.m */ = {isa = PBXFileReference; fileEncoding = 4; lastKnownFileType = sourcecode.c.objc; path = MGTwitterMiscLibXMLParser.m; sourceTree = "<group>"; };
		3F987480130D9DF8004F325C /* MGTwitterMiscParser.h */ = {isa = PBXFileReference; fileEncoding = 4; lastKnownFileType = sourcecode.c.h; path = MGTwitterMiscParser.h; sourceTree = "<group>"; };
		3F987481130D9DF8004F325C /* MGTwitterMiscParser.m */ = {isa = PBXFileReference; fileEncoding = 4; lastKnownFileType = sourcecode.c.objc; path = MGTwitterMiscParser.m; sourceTree = "<group>"; };
		3F987482130D9DF8004F325C /* MGTwitterParserDelegate.h */ = {isa = PBXFileReference; fileEncoding = 4; lastKnownFileType = sourcecode.c.h; path = MGTwitterParserDelegate.h; sourceTree = "<group>"; };
		3F987483130D9DF8004F325C /* MGTwitterRequestTypes.h */ = {isa = PBXFileReference; fileEncoding = 4; lastKnownFileType = sourcecode.c.h; path = MGTwitterRequestTypes.h; sourceTree = "<group>"; };
		3F987484130D9DF8004F325C /* MGTwitterStatusesLibXMLParser.h */ = {isa = PBXFileReference; fileEncoding = 4; lastKnownFileType = sourcecode.c.h; path = MGTwitterStatusesLibXMLParser.h; sourceTree = "<group>"; };
		3F987485130D9DF8004F325C /* MGTwitterStatusesLibXMLParser.m */ = {isa = PBXFileReference; fileEncoding = 4; lastKnownFileType = sourcecode.c.objc; path = MGTwitterStatusesLibXMLParser.m; sourceTree = "<group>"; };
		3F987486130D9DF8004F325C /* MGTwitterStatusesParser.h */ = {isa = PBXFileReference; fileEncoding = 4; lastKnownFileType = sourcecode.c.h; path = MGTwitterStatusesParser.h; sourceTree = "<group>"; };
		3F987487130D9DF8004F325C /* MGTwitterStatusesParser.m */ = {isa = PBXFileReference; fileEncoding = 4; lastKnownFileType = sourcecode.c.objc; path = MGTwitterStatusesParser.m; sourceTree = "<group>"; };
		3F987488130D9DF8004F325C /* MGTwitterUsersLibXMLParser.h */ = {isa = PBXFileReference; fileEncoding = 4; lastKnownFileType = sourcecode.c.h; path = MGTwitterUsersLibXMLParser.h; sourceTree = "<group>"; };
		3F987489130D9DF8004F325C /* MGTwitterUsersLibXMLParser.m */ = {isa = PBXFileReference; fileEncoding = 4; lastKnownFileType = sourcecode.c.objc; path = MGTwitterUsersLibXMLParser.m; sourceTree = "<group>"; };
		3F98748A130D9DF8004F325C /* MGTwitterUsersParser.h */ = {isa = PBXFileReference; fileEncoding = 4; lastKnownFileType = sourcecode.c.h; path = MGTwitterUsersParser.h; sourceTree = "<group>"; };
		3F98748B130D9DF8004F325C /* MGTwitterUsersParser.m */ = {isa = PBXFileReference; fileEncoding = 4; lastKnownFileType = sourcecode.c.objc; path = MGTwitterUsersParser.m; sourceTree = "<group>"; };
		3F98748C130D9DF8004F325C /* MGTwitterXMLParser.h */ = {isa = PBXFileReference; fileEncoding = 4; lastKnownFileType = sourcecode.c.h; path = MGTwitterXMLParser.h; sourceTree = "<group>"; };
		3F98748D130D9DF8004F325C /* MGTwitterXMLParser.m */ = {isa = PBXFileReference; fileEncoding = 4; lastKnownFileType = sourcecode.c.objc; path = MGTwitterXMLParser.m; sourceTree = "<group>"; };
		3F98748E130D9DF8004F325C /* NSData+Base64.h */ = {isa = PBXFileReference; fileEncoding = 4; lastKnownFileType = sourcecode.c.h; path = "NSData+Base64.h"; sourceTree = "<group>"; };
		3F98748F130D9DF8004F325C /* NSData+Base64.m */ = {isa = PBXFileReference; fileEncoding = 4; lastKnownFileType = sourcecode.c.objc; path = "NSData+Base64.m"; sourceTree = "<group>"; };
		3F987490130D9DF8004F325C /* NSString+UUID.h */ = {isa = PBXFileReference; fileEncoding = 4; lastKnownFileType = sourcecode.c.h; path = "NSString+UUID.h"; sourceTree = "<group>"; };
		3F987491130D9DF8004F325C /* NSString+UUID.m */ = {isa = PBXFileReference; fileEncoding = 4; lastKnownFileType = sourcecode.c.objc; path = "NSString+UUID.m"; sourceTree = "<group>"; };
		3F987518130D9F08004F325C /* NSMutableURLRequest+Parameters.h */ = {isa = PBXFileReference; fileEncoding = 4; lastKnownFileType = sourcecode.c.h; path = "NSMutableURLRequest+Parameters.h"; sourceTree = "<group>"; };
		3F987519130D9F08004F325C /* NSString+URLEncoding.h */ = {isa = PBXFileReference; fileEncoding = 4; lastKnownFileType = sourcecode.c.h; path = "NSString+URLEncoding.h"; sourceTree = "<group>"; };
		3F98751A130D9F08004F325C /* NSURL+Base.h */ = {isa = PBXFileReference; fileEncoding = 4; lastKnownFileType = sourcecode.c.h; path = "NSURL+Base.h"; sourceTree = "<group>"; };
		3F98751B130D9F08004F325C /* OAAsynchronousDataFetcher.h */ = {isa = PBXFileReference; fileEncoding = 4; lastKnownFileType = sourcecode.c.h; path = OAAsynchronousDataFetcher.h; sourceTree = "<group>"; };
		3F98751C130D9F08004F325C /* OAConsumer.h */ = {isa = PBXFileReference; fileEncoding = 4; lastKnownFileType = sourcecode.c.h; path = OAConsumer.h; sourceTree = "<group>"; };
		3F98751D130D9F08004F325C /* OADataFetcher.h */ = {isa = PBXFileReference; fileEncoding = 4; lastKnownFileType = sourcecode.c.h; path = OADataFetcher.h; sourceTree = "<group>"; };
		3F98751E130D9F08004F325C /* OAHMAC_SHA1SignatureProvider.h */ = {isa = PBXFileReference; fileEncoding = 4; lastKnownFileType = sourcecode.c.h; path = OAHMAC_SHA1SignatureProvider.h; sourceTree = "<group>"; };
		3F98751F130D9F08004F325C /* OAMutableURLRequest.h */ = {isa = PBXFileReference; fileEncoding = 4; lastKnownFileType = sourcecode.c.h; path = OAMutableURLRequest.h; sourceTree = "<group>"; };
		3F987520130D9F08004F325C /* OAPlaintextSignatureProvider.h */ = {isa = PBXFileReference; fileEncoding = 4; lastKnownFileType = sourcecode.c.h; path = OAPlaintextSignatureProvider.h; sourceTree = "<group>"; };
		3F987521130D9F08004F325C /* OARequestParameter.h */ = {isa = PBXFileReference; fileEncoding = 4; lastKnownFileType = sourcecode.c.h; path = OARequestParameter.h; sourceTree = "<group>"; };
		3F987522130D9F08004F325C /* OAServiceTicket.h */ = {isa = PBXFileReference; fileEncoding = 4; lastKnownFileType = sourcecode.c.h; path = OAServiceTicket.h; sourceTree = "<group>"; };
		3F987523130D9F08004F325C /* OASignatureProviding.h */ = {isa = PBXFileReference; fileEncoding = 4; lastKnownFileType = sourcecode.c.h; path = OASignatureProviding.h; sourceTree = "<group>"; };
		3F987524130D9F08004F325C /* OAToken.h */ = {isa = PBXFileReference; fileEncoding = 4; lastKnownFileType = sourcecode.c.h; path = OAToken.h; sourceTree = "<group>"; };
		3F987525130D9F08004F325C /* OAToken_KeychainExtensions.h */ = {isa = PBXFileReference; fileEncoding = 4; lastKnownFileType = sourcecode.c.h; path = OAToken_KeychainExtensions.h; sourceTree = "<group>"; };
		3F987526130D9F08004F325C /* OAuthConsumer.h */ = {isa = PBXFileReference; fileEncoding = 4; lastKnownFileType = sourcecode.c.h; path = OAuthConsumer.h; sourceTree = "<group>"; };
		3FA281AA130ECD1B00206747 /* Settings.h */ = {isa = PBXFileReference; fileEncoding = 4; lastKnownFileType = sourcecode.c.h; path = Settings.h; sourceTree = "<group>"; };
		3FA281AB130ECD1B00206747 /* Settings.m */ = {isa = PBXFileReference; fileEncoding = 4; lastKnownFileType = sourcecode.c.objc; path = Settings.m; sourceTree = "<group>"; };
		3FA281AC130ECD1B00206747 /* Settings.xib */ = {isa = PBXFileReference; fileEncoding = 4; lastKnownFileType = file.xib; path = Settings.xib; sourceTree = "<group>"; };
		3FADE37F130B18030067B564 /* BeerCounter.app */ = {isa = PBXFileReference; explicitFileType = wrapper.application; includeInIndex = 0; path = BeerCounter.app; sourceTree = BUILT_PRODUCTS_DIR; };
		3FADE38F130B188E0067B564 /* BeerCounter.xcdatamodel */ = {isa = PBXFileReference; fileEncoding = 4; lastKnownFileType = wrapper.xcdatamodel; path = BeerCounter.xcdatamodel; sourceTree = "<group>"; };
		3FB2DD19130B033900D76AD5 /* AppConfig.h */ = {isa = PBXFileReference; fileEncoding = 4; lastKnownFileType = sourcecode.c.h; path = AppConfig.h; sourceTree = "<group>"; };
		3FB2DD1A130B034C00D76AD5 /* BeerCounterAppDelegate.h */ = {isa = PBXFileReference; fileEncoding = 4; lastKnownFileType = sourcecode.c.h; path = BeerCounterAppDelegate.h; sourceTree = "<group>"; };
		3FB2DD1B130B034C00D76AD5 /* BeerCounterAppDelegate.m */ = {isa = PBXFileReference; fileEncoding = 4; lastKnownFileType = sourcecode.c.objc; path = BeerCounterAppDelegate.m; sourceTree = "<group>"; };
		3FB2DD1D130B035800D76AD5 /* O2Request.h */ = {isa = PBXFileReference; fileEncoding = 4; lastKnownFileType = sourcecode.c.h; path = O2Request.h; sourceTree = "<group>"; };
		3FB2DD1E130B035800D76AD5 /* O2Request.m */ = {isa = PBXFileReference; fileEncoding = 4; lastKnownFileType = sourcecode.c.objc; path = O2Request.m; sourceTree = "<group>"; };
		3FB2DD20130B036800D76AD5 /* User.h */ = {isa = PBXFileReference; fileEncoding = 4; lastKnownFileType = sourcecode.c.h; path = User.h; sourceTree = "<group>"; };
		3FB2DD21130B036800D76AD5 /* User.m */ = {isa = PBXFileReference; fileEncoding = 4; lastKnownFileType = sourcecode.c.objc; path = User.m; sourceTree = "<group>"; };
		3FB2DD23130B037500D76AD5 /* JSON.h */ = {isa = PBXFileReference; fileEncoding = 4; lastKnownFileType = sourcecode.c.h; name = JSON.h; path = JSON/JSON.h; sourceTree = "<group>"; };
		3FB2DD24130B037500D76AD5 /* NSObject+SBJSON.h */ = {isa = PBXFileReference; fileEncoding = 4; lastKnownFileType = sourcecode.c.h; name = "NSObject+SBJSON.h"; path = "JSON/NSObject+SBJSON.h"; sourceTree = "<group>"; };
		3FB2DD25130B037500D76AD5 /* NSObject+SBJSON.m */ = {isa = PBXFileReference; fileEncoding = 4; lastKnownFileType = sourcecode.c.objc; name = "NSObject+SBJSON.m"; path = "JSON/NSObject+SBJSON.m"; sourceTree = "<group>"; };
		3FB2DD26130B037500D76AD5 /* NSString+SBJSON.h */ = {isa = PBXFileReference; fileEncoding = 4; lastKnownFileType = sourcecode.c.h; name = "NSString+SBJSON.h"; path = "JSON/NSString+SBJSON.h"; sourceTree = "<group>"; };
		3FB2DD27130B037500D76AD5 /* NSString+SBJSON.m */ = {isa = PBXFileReference; fileEncoding = 4; lastKnownFileType = sourcecode.c.objc; name = "NSString+SBJSON.m"; path = "JSON/NSString+SBJSON.m"; sourceTree = "<group>"; };
		3FB2DD28130B037500D76AD5 /* SBJSON.h */ = {isa = PBXFileReference; fileEncoding = 4; lastKnownFileType = sourcecode.c.h; name = SBJSON.h; path = JSON/SBJSON.h; sourceTree = "<group>"; };
		3FB2DD29130B037500D76AD5 /* SBJSON.m */ = {isa = PBXFileReference; fileEncoding = 4; lastKnownFileType = sourcecode.c.objc; name = SBJSON.m; path = JSON/SBJSON.m; sourceTree = "<group>"; };
		3FB2DD2A130B037500D76AD5 /* SBJsonBase.h */ = {isa = PBXFileReference; fileEncoding = 4; lastKnownFileType = sourcecode.c.h; name = SBJsonBase.h; path = JSON/SBJsonBase.h; sourceTree = "<group>"; };
		3FB2DD2B130B037500D76AD5 /* SBJsonBase.m */ = {isa = PBXFileReference; fileEncoding = 4; lastKnownFileType = sourcecode.c.objc; name = SBJsonBase.m; path = JSON/SBJsonBase.m; sourceTree = "<group>"; };
		3FB2DD2C130B037500D76AD5 /* SBJsonParser.h */ = {isa = PBXFileReference; fileEncoding = 4; lastKnownFileType = sourcecode.c.h; name = SBJsonParser.h; path = JSON/SBJsonParser.h; sourceTree = "<group>"; };
		3FB2DD2D130B037500D76AD5 /* SBJsonParser.m */ = {isa = PBXFileReference; fileEncoding = 4; lastKnownFileType = sourcecode.c.objc; name = SBJsonParser.m; path = JSON/SBJsonParser.m; sourceTree = "<group>"; };
		3FB2DD2E130B037500D76AD5 /* SBJsonWriter.h */ = {isa = PBXFileReference; fileEncoding = 4; lastKnownFileType = sourcecode.c.h; name = SBJsonWriter.h; path = JSON/SBJsonWriter.h; sourceTree = "<group>"; };
		3FB2DD2F130B037500D76AD5 /* SBJsonWriter.m */ = {isa = PBXFileReference; fileEncoding = 4; lastKnownFileType = sourcecode.c.objc; name = SBJsonWriter.m; path = JSON/SBJsonWriter.m; sourceTree = "<group>"; };
		3FB2DD36130B039500D76AD5 /* Facebook.h */ = {isa = PBXFileReference; fileEncoding = 4; lastKnownFileType = sourcecode.c.h; name = Facebook.h; path = Classes/FBConnect/Facebook.h; sourceTree = SOURCE_ROOT; };
		3FB2DD37130B039500D76AD5 /* Facebook.m */ = {isa = PBXFileReference; fileEncoding = 4; lastKnownFileType = sourcecode.c.objc; name = Facebook.m; path = Classes/FBConnect/Facebook.m; sourceTree = SOURCE_ROOT; };
		3FB2DD38130B039500D76AD5 /* FBConnect.bundle */ = {isa = PBXFileReference; lastKnownFileType = "wrapper.plug-in"; name = FBConnect.bundle; path = Classes/FBConnect/FBConnect.bundle; sourceTree = SOURCE_ROOT; };
		3FB2DD39130B039500D76AD5 /* FBConnect.h */ = {isa = PBXFileReference; fileEncoding = 4; lastKnownFileType = sourcecode.c.h; name = FBConnect.h; path = Classes/FBConnect/FBConnect.h; sourceTree = SOURCE_ROOT; };
		3FB2DD3A130B039500D76AD5 /* FBDialog.bundle */ = {isa = PBXFileReference; lastKnownFileType = "wrapper.plug-in"; name = FBDialog.bundle; path = Classes/FBConnect/FBDialog.bundle; sourceTree = SOURCE_ROOT; };
		3FB2DD3B130B039500D76AD5 /* FBDialog.h */ = {isa = PBXFileReference; fileEncoding = 4; lastKnownFileType = sourcecode.c.h; name = FBDialog.h; path = Classes/FBConnect/FBDialog.h; sourceTree = SOURCE_ROOT; };
		3FB2DD3C130B039500D76AD5 /* FBDialog.m */ = {isa = PBXFileReference; fileEncoding = 4; lastKnownFileType = sourcecode.c.objc; name = FBDialog.m; path = Classes/FBConnect/FBDialog.m; sourceTree = SOURCE_ROOT; };
		3FB2DD3D130B039500D76AD5 /* FBLoginButton.h */ = {isa = PBXFileReference; fileEncoding = 4; lastKnownFileType = sourcecode.c.h; name = FBLoginButton.h; path = Classes/FBConnect/FBLoginButton.h; sourceTree = SOURCE_ROOT; };
		3FB2DD3E130B039500D76AD5 /* FBLoginButton.m */ = {isa = PBXFileReference; fileEncoding = 4; lastKnownFileType = sourcecode.c.objc; name = FBLoginButton.m; path = Classes/FBConnect/FBLoginButton.m; sourceTree = SOURCE_ROOT; };
		3FB2DD3F130B039500D76AD5 /* FBLoginDialog.h */ = {isa = PBXFileReference; fileEncoding = 4; lastKnownFileType = sourcecode.c.h; name = FBLoginDialog.h; path = Classes/FBConnect/FBLoginDialog.h; sourceTree = SOURCE_ROOT; };
		3FB2DD40130B039500D76AD5 /* FBLoginDialog.m */ = {isa = PBXFileReference; fileEncoding = 4; lastKnownFileType = sourcecode.c.objc; name = FBLoginDialog.m; path = Classes/FBConnect/FBLoginDialog.m; sourceTree = SOURCE_ROOT; };
		3FB2DD41130B039500D76AD5 /* FBRequest.h */ = {isa = PBXFileReference; fileEncoding = 4; lastKnownFileType = sourcecode.c.h; name = FBRequest.h; path = Classes/FBConnect/FBRequest.h; sourceTree = SOURCE_ROOT; };
		3FB2DD42130B039500D76AD5 /* FBRequest.m */ = {isa = PBXFileReference; fileEncoding = 4; lastKnownFileType = sourcecode.c.objc; name = FBRequest.m; path = Classes/FBConnect/FBRequest.m; sourceTree = SOURCE_ROOT; };
		3FB2DD4A130B03A600D76AD5 /* DrinkList.xib */ = {isa = PBXFileReference; fileEncoding = 4; lastKnownFileType = file.xib; path = DrinkList.xib; sourceTree = "<group>"; };
		3FB2DD4B130B03A600D76AD5 /* DrinkList.h */ = {isa = PBXFileReference; fileEncoding = 4; lastKnownFileType = sourcecode.c.h; path = DrinkList.h; sourceTree = "<group>"; };
		3FB2DD4C130B03A600D76AD5 /* DrinkList.m */ = {isa = PBXFileReference; fileEncoding = 4; lastKnownFileType = sourcecode.c.objc; path = DrinkList.m; sourceTree = "<group>"; };
		3FB2DD4F130B03B400D76AD5 /* Welcome.xib */ = {isa = PBXFileReference; fileEncoding = 4; lastKnownFileType = file.xib; path = Welcome.xib; sourceTree = "<group>"; };
		3FB2DD50130B03B400D76AD5 /* Welcome.h */ = {isa = PBXFileReference; fileEncoding = 4; lastKnownFileType = sourcecode.c.h; path = Welcome.h; sourceTree = "<group>"; };
		3FB2DD51130B03B400D76AD5 /* Welcome.m */ = {isa = PBXFileReference; fileEncoding = 4; lastKnownFileType = sourcecode.c.objc; path = Welcome.m; sourceTree = "<group>"; };
		3FB2DD52130B03B400D76AD5 /* WelcomeFooter.xib */ = {isa = PBXFileReference; fileEncoding = 4; lastKnownFileType = file.xib; path = WelcomeFooter.xib; sourceTree = "<group>"; };
		3FB2DD53130B03B400D76AD5 /* WelcomeFooter.h */ = {isa = PBXFileReference; fileEncoding = 4; lastKnownFileType = sourcecode.c.h; path = WelcomeFooter.h; sourceTree = "<group>"; };
		3FB2DD54130B03B400D76AD5 /* WelcomeFooter.m */ = {isa = PBXFileReference; fileEncoding = 4; lastKnownFileType = sourcecode.c.objc; path = WelcomeFooter.m; sourceTree = "<group>"; };
		3FB2DD5A130B03CE00D76AD5 /* Counter.h */ = {isa = PBXFileReference; fileEncoding = 4; lastKnownFileType = sourcecode.c.h; path = Counter.h; sourceTree = "<group>"; };
		3FB2DD5B130B03CE00D76AD5 /* Counter.m */ = {isa = PBXFileReference; fileEncoding = 4; lastKnownFileType = sourcecode.c.objc; path = Counter.m; sourceTree = "<group>"; };
		3FB2DD5C130B03CE00D76AD5 /* Counter.xib */ = {isa = PBXFileReference; fileEncoding = 4; lastKnownFileType = file.xib; path = Counter.xib; sourceTree = "<group>"; };
		3FB2DD5F130B03E100D76AD5 /* Home.xib */ = {isa = PBXFileReference; fileEncoding = 4; lastKnownFileType = file.xib; path = Home.xib; sourceTree = "<group>"; };
		3FB2DD60130B03E100D76AD5 /* Home.h */ = {isa = PBXFileReference; fileEncoding = 4; lastKnownFileType = sourcecode.c.h; path = Home.h; sourceTree = "<group>"; };
		3FB2DD61130B03E100D76AD5 /* Home.m */ = {isa = PBXFileReference; fileEncoding = 4; lastKnownFileType = sourcecode.c.objc; path = Home.m; sourceTree = "<group>"; };
		3FB2DD64130B03ED00D76AD5 /* SignUp.xib */ = {isa = PBXFileReference; fileEncoding = 4; lastKnownFileType = file.xib; path = SignUp.xib; sourceTree = "<group>"; };
		3FB2DD65130B03ED00D76AD5 /* SignUp.h */ = {isa = PBXFileReference; fileEncoding = 4; lastKnownFileType = sourcecode.c.h; path = SignUp.h; sourceTree = "<group>"; };
		3FB2DD66130B03ED00D76AD5 /* SignUp.m */ = {isa = PBXFileReference; fileEncoding = 4; lastKnownFileType = sourcecode.c.objc; path = SignUp.m; sourceTree = "<group>"; };
		3FB2DD67130B03ED00D76AD5 /* SignUpFooter.xib */ = {isa = PBXFileReference; fileEncoding = 4; lastKnownFileType = file.xib; path = SignUpFooter.xib; sourceTree = "<group>"; };
		3FB2DD68130B03ED00D76AD5 /* SignUpFooter.h */ = {isa = PBXFileReference; fileEncoding = 4; lastKnownFileType = sourcecode.c.h; path = SignUpFooter.h; sourceTree = "<group>"; };
		3FB2DD69130B03ED00D76AD5 /* SignUpFooter.m */ = {isa = PBXFileReference; fileEncoding = 4; lastKnownFileType = sourcecode.c.objc; path = SignUpFooter.m; sourceTree = "<group>"; };
		3FB2DD73130B045300D76AD5 /* BeerCounter_Prefix.pch */ = {isa = PBXFileReference; fileEncoding = 4; lastKnownFileType = sourcecode.c.h; path = BeerCounter_Prefix.pch; sourceTree = "<group>"; };
		3FB2DD74130B045B00D76AD5 /* main.m */ = {isa = PBXFileReference; fileEncoding = 4; lastKnownFileType = sourcecode.c.objc; path = main.m; sourceTree = "<group>"; };
		3FB2DD76130B046700D76AD5 /* BeerCounter-Info.plist */ = {isa = PBXFileReference; fileEncoding = 4; lastKnownFileType = text.plist.xml; path = "BeerCounter-Info.plist"; sourceTree = "<group>"; };
		3FB2DD78130B046E00D76AD5 /* MainWindow.xib */ = {isa = PBXFileReference; fileEncoding = 4; lastKnownFileType = file.xib; path = MainWindow.xib; sourceTree = "<group>"; };
		3FB2DD7B130B062C00D76AD5 /* user.png */ = {isa = PBXFileReference; lastKnownFileType = image.png; name = user.png; path = Images/user.png; sourceTree = "<group>"; };
		3FC3A29C130C209F00B7A567 /* SocialSignUp.xib */ = {isa = PBXFileReference; fileEncoding = 4; lastKnownFileType = file.xib; path = SocialSignUp.xib; sourceTree = "<group>"; };
		3FC3A29D130C209F00B7A567 /* SocialSignUp.h */ = {isa = PBXFileReference; fileEncoding = 4; lastKnownFileType = sourcecode.c.h; path = SocialSignUp.h; sourceTree = "<group>"; };
		3FC3A29E130C209F00B7A567 /* SocialSignUp.m */ = {isa = PBXFileReference; fileEncoding = 4; lastKnownFileType = sourcecode.c.objc; path = SocialSignUp.m; sourceTree = "<group>"; };
		3FC3A2A4130C302A00B7A567 /* AppGlobal.m */ = {isa = PBXFileReference; fileEncoding = 4; lastKnownFileType = sourcecode.c.objc; path = AppGlobal.m; sourceTree = "<group>"; };
		3FC3A2A6130C303600B7A567 /* AppGlobal.h */ = {isa = PBXFileReference; fileEncoding = 4; lastKnownFileType = sourcecode.c.h; path = AppGlobal.h; sourceTree = "<group>"; };
		3FC3A2B0130C663900B7A567 /* jQueryInject.txt */ = {isa = PBXFileReference; fileEncoding = 4; lastKnownFileType = text; path = jQueryInject.txt; sourceTree = "<group>"; };
		3FC3A2B1130C663900B7A567 /* jQueryInjectLandscape.txt */ = {isa = PBXFileReference; fileEncoding = 4; lastKnownFileType = text; path = jQueryInjectLandscape.txt; sourceTree = "<group>"; };
		3FC3A2B2130C663900B7A567 /* libOAuth.a */ = {isa = PBXFileReference; lastKnownFileType = archive.ar; path = libOAuth.a; sourceTree = "<group>"; };
		3FC3A2E5130C663900B7A567 /* SA_OAuthTwitterController.h */ = {isa = PBXFileReference; fileEncoding = 4; lastKnownFileType = sourcecode.c.h; path = SA_OAuthTwitterController.h; sourceTree = "<group>"; };
		3FC3A2E6130C663900B7A567 /* SA_OAuthTwitterController.m */ = {isa = PBXFileReference; fileEncoding = 4; lastKnownFileType = sourcecode.c.objc; path = SA_OAuthTwitterController.m; sourceTree = "<group>"; };
		3FC3A2E7130C663900B7A567 /* SA_OAuthTwitterEngine.h */ = {isa = PBXFileReference; fileEncoding = 4; lastKnownFileType = sourcecode.c.h; path = SA_OAuthTwitterEngine.h; sourceTree = "<group>"; };
		3FC3A2E8130C663900B7A567 /* SA_OAuthTwitterEngine.m */ = {isa = PBXFileReference; fileEncoding = 4; lastKnownFileType = sourcecode.c.objc; path = SA_OAuthTwitterEngine.m; sourceTree = "<group>"; };
		3FC3A2E9130C663900B7A567 /* twitter_load.png */ = {isa = PBXFileReference; lastKnownFileType = image.png; path = twitter_load.png; sourceTree = "<group>"; };
		3FC3A31D130C6B9200B7A567 /* libxml2.dylib */ = {isa = PBXFileReference; lastKnownFileType = "compiled.mach-o.dylib"; name = libxml2.dylib; path = usr/lib/libxml2.dylib; sourceTree = SDKROOT; };
		3FD5DA04130EF0730002916F /* FriendFeeds.xib */ = {isa = PBXFileReference; fileEncoding = 4; lastKnownFileType = file.xib; path = FriendFeeds.xib; sourceTree = "<group>"; };
		3FD5DA05130EF0730002916F /* FriendFeeds.h */ = {isa = PBXFileReference; fileEncoding = 4; lastKnownFileType = sourcecode.c.h; path = FriendFeeds.h; sourceTree = "<group>"; };
		3FD5DA06130EF0730002916F /* FriendFeeds.m */ = {isa = PBXFileReference; fileEncoding = 4; lastKnownFileType = sourcecode.c.objc; path = FriendFeeds.m; sourceTree = "<group>"; };
		3FDB672B130B317700145C7E /* O2FormHelper.h */ = {isa = PBXFileReference; fileEncoding = 4; lastKnownFileType = sourcecode.c.h; path = O2FormHelper.h; sourceTree = "<group>"; };
		3FDB672C130B317700145C7E /* O2FormHelper.m */ = {isa = PBXFileReference; fileEncoding = 4; lastKnownFileType = sourcecode.c.objc; path = O2FormHelper.m; sourceTree = "<group>"; };
/* End PBXFileReference section */

/* Begin PBXFrameworksBuildPhase section */
		1D60588F0D05DD3D006BFB54 /* Frameworks */ = {
			isa = PBXFrameworksBuildPhase;
			buildActionMask = 2147483647;
			files = (
				3FC3A31E130C6B9200B7A567 /* libxml2.dylib in Frameworks */,
				1D60589F0D05DD5A006BFB54 /* Foundation.framework in Frameworks */,
				1DF5F4E00D08C38300B7A737 /* UIKit.framework in Frameworks */,
				288765A50DF7441C002DB57D /* CoreGraphics.framework in Frameworks */,
				28D801B40F44B63D00FB423F /* CoreData.framework in Frameworks */,
				3FC3A2EC130C663900B7A567 /* libOAuth.a in Frameworks */,
			);
			runOnlyForDeploymentPostprocessing = 0;
		};
/* End PBXFrameworksBuildPhase section */

/* Begin PBXGroup section */
		080E96DDFE201D6D7F000001 /* Classes */ = {
			isa = PBXGroup;
			children = (
				3FC7508C130320F100BE704C /* Helpers */,
				3FC7500B1303175A00BE704C /* Models */,
				3FC750171303182000BE704C /* Vendors */,
				3FC7500A1303174200BE704C /* ViewControllers */,
				3FB2DD1A130B034C00D76AD5 /* BeerCounterAppDelegate.h */,
				3FB2DD1B130B034C00D76AD5 /* BeerCounterAppDelegate.m */,
			);
			path = Classes;
			sourceTree = "<group>";
		};
		19C28FACFE9D520D11CA2CBB /* Products */ = {
			isa = PBXGroup;
			children = (
				3FADE37F130B18030067B564 /* BeerCounter.app */,
			);
			name = Products;
			sourceTree = "<group>";
		};
		29B97314FDCFA39411CA2CEA /* CustomTemplate */ = {
			isa = PBXGroup;
			children = (
				3FB2DD7A130B05DA00D76AD5 /* Images */,
				3FD73EFC130452F90098BE6B /* Config */,
				080E96DDFE201D6D7F000001 /* Classes */,
				29B97315FDCFA39411CA2CEA /* Other Sources */,
				29B97317FDCFA39411CA2CEA /* Resources */,
				29B97323FDCFA39411CA2CEA /* Frameworks */,
				19C28FACFE9D520D11CA2CBB /* Products */,
			);
			name = CustomTemplate;
			sourceTree = "<group>";
		};
		29B97315FDCFA39411CA2CEA /* Other Sources */ = {
			isa = PBXGroup;
			children = (
				3FB2DD74130B045B00D76AD5 /* main.m */,
				3FB2DD73130B045300D76AD5 /* BeerCounter_Prefix.pch */,
			);
			name = "Other Sources";
			sourceTree = "<group>";
		};
		29B97317FDCFA39411CA2CEA /* Resources */ = {
			isa = PBXGroup;
			children = (
				3FADE38E130B188E0067B564 /* BeerCounter.xcdatamodeld */,
				3FB2DD78130B046E00D76AD5 /* MainWindow.xib */,
				3FB2DD76130B046700D76AD5 /* BeerCounter-Info.plist */,
			);
			name = Resources;
			sourceTree = "<group>";
		};
		29B97323FDCFA39411CA2CEA /* Frameworks */ = {
			isa = PBXGroup;
			children = (
				1DF5F4DF0D08C38300B7A737 /* UIKit.framework */,
				1D30AB110D05D00D00671497 /* Foundation.framework */,
				288765A40DF7441C002DB57D /* CoreGraphics.framework */,
				28D801B30F44B63D00FB423F /* CoreData.framework */,
			);
			name = Frameworks;
			sourceTree = "<group>";
		};
		3F2349F71301E92000D116A3 /* Welcome */ = {
			isa = PBXGroup;
			children = (
				3FB2DD50130B03B400D76AD5 /* Welcome.h */,
				3FB2DD51130B03B400D76AD5 /* Welcome.m */,
				3FB2DD4F130B03B400D76AD5 /* Welcome.xib */,
				3FB2DD53130B03B400D76AD5 /* WelcomeFooter.h */,
				3FB2DD54130B03B400D76AD5 /* WelcomeFooter.m */,
				3FB2DD52130B03B400D76AD5 /* WelcomeFooter.xib */,
			);
			name = Welcome;
			sourceTree = "<group>";
		};
		3F987517130D9F08004F325C /* OAuthConsumer */ = {
			isa = PBXGroup;
			children = (
				3F987518130D9F08004F325C /* NSMutableURLRequest+Parameters.h */,
				3F987519130D9F08004F325C /* NSString+URLEncoding.h */,
				3F98751A130D9F08004F325C /* NSURL+Base.h */,
				3F98751B130D9F08004F325C /* OAAsynchronousDataFetcher.h */,
				3F98751C130D9F08004F325C /* OAConsumer.h */,
				3F98751D130D9F08004F325C /* OADataFetcher.h */,
				3F98751E130D9F08004F325C /* OAHMAC_SHA1SignatureProvider.h */,
				3F98751F130D9F08004F325C /* OAMutableURLRequest.h */,
				3F987520130D9F08004F325C /* OAPlaintextSignatureProvider.h */,
				3F987521130D9F08004F325C /* OARequestParameter.h */,
				3F987522130D9F08004F325C /* OAServiceTicket.h */,
				3F987523130D9F08004F325C /* OASignatureProviding.h */,
				3F987524130D9F08004F325C /* OAToken.h */,
				3F987525130D9F08004F325C /* OAToken_KeychainExtensions.h */,
				3F987526130D9F08004F325C /* OAuthConsumer.h */,
			);
			path = OAuthConsumer;
			sourceTree = "<group>";
		};
		3FAD9CD21304101600FBAF0C /* Home */ = {
			isa = PBXGroup;
			children = (
				3FB2DD60130B03E100D76AD5 /* Home.h */,
				3FB2DD61130B03E100D76AD5 /* Home.m */,
				3FB2DD5F130B03E100D76AD5 /* Home.xib */,
				3FB2DD5A130B03CE00D76AD5 /* Counter.h */,
				3FB2DD5B130B03CE00D76AD5 /* Counter.m */,
				3FB2DD5C130B03CE00D76AD5 /* Counter.xib */,
			);
			name = Home;
			sourceTree = "<group>";
		};
		3FB2DD7A130B05DA00D76AD5 /* Images */ = {
			isa = PBXGroup;
			children = (
				3FB2DD7B130B062C00D76AD5 /* user.png */,
			);
			name = Images;
			sourceTree = "<group>";
		};
		3FC3A2AF130C663900B7A567 /* Libraries & Headers */ = {
			isa = PBXGroup;
			children = (
				3FC3A2B0130C663900B7A567 /* jQueryInject.txt */,
				3FC3A2B1130C663900B7A567 /* jQueryInjectLandscape.txt */,
				3FC3A2B2130C663900B7A567 /* libOAuth.a */,
				3FC3A31D130C6B9200B7A567 /* libxml2.dylib */,
				3F987517130D9F08004F325C /* OAuthConsumer */,
			);
			name = "Libraries & Headers";
			path = "Twitter+OAuth/Libraries & Headers";
			sourceTree = "<group>";
		};
		3FC3A2C3130C663900B7A567 /* MGTwitterEngine */ = {
			isa = PBXGroup;
			children = (
				3F987472130D9DF8004F325C /* MGTwitterEngine.h */,
				3F987473130D9DF8004F325C /* MGTwitterEngine.m */,
				3F987474130D9DF8004F325C /* MGTwitterEngineDelegate.h */,
				3F987475130D9DF8004F325C /* MGTwitterEngineGlobalHeader.h */,
				3F987476130D9DF8004F325C /* MGTwitterHTTPURLConnection.h */,
				3F987477130D9DF8004F325C /* MGTwitterHTTPURLConnection.m */,
				3F987478130D9DF8004F325C /* MGTwitterLibXMLParser.h */,
				3F987479130D9DF8004F325C /* MGTwitterLibXMLParser.m */,
				3F98747A130D9DF8004F325C /* MGTwitterMessagesLibXMLParser.h */,
				3F98747B130D9DF8004F325C /* MGTwitterMessagesLibXMLParser.m */,
				3F98747C130D9DF8004F325C /* MGTwitterMessagesParser.h */,
				3F98747D130D9DF8004F325C /* MGTwitterMessagesParser.m */,
				3F98747E130D9DF8004F325C /* MGTwitterMiscLibXMLParser.h */,
				3F98747F130D9DF8004F325C /* MGTwitterMiscLibXMLParser.m */,
				3F987480130D9DF8004F325C /* MGTwitterMiscParser.h */,
				3F987481130D9DF8004F325C /* MGTwitterMiscParser.m */,
				3F987482130D9DF8004F325C /* MGTwitterParserDelegate.h */,
				3F987483130D9DF8004F325C /* MGTwitterRequestTypes.h */,
				3F987484130D9DF8004F325C /* MGTwitterStatusesLibXMLParser.h */,
				3F987485130D9DF8004F325C /* MGTwitterStatusesLibXMLParser.m */,
				3F987486130D9DF8004F325C /* MGTwitterStatusesParser.h */,
				3F987487130D9DF8004F325C /* MGTwitterStatusesParser.m */,
				3F987488130D9DF8004F325C /* MGTwitterUsersLibXMLParser.h */,
				3F987489130D9DF8004F325C /* MGTwitterUsersLibXMLParser.m */,
				3F98748A130D9DF8004F325C /* MGTwitterUsersParser.h */,
				3F98748B130D9DF8004F325C /* MGTwitterUsersParser.m */,
				3F98748C130D9DF8004F325C /* MGTwitterXMLParser.h */,
				3F98748D130D9DF8004F325C /* MGTwitterXMLParser.m */,
				3F98748E130D9DF8004F325C /* NSData+Base64.h */,
				3F98748F130D9DF8004F325C /* NSData+Base64.m */,
				3F987490130D9DF8004F325C /* NSString+UUID.h */,
				3F987491130D9DF8004F325C /* NSString+UUID.m */,
			);
			name = MGTwitterEngine;
			path = "Twitter+OAuth/MGTwitterEngine";
			sourceTree = "<group>";
		};
		3FC3A2E4130C663900B7A567 /* SAOAuthTwitterEngine */ = {
			isa = PBXGroup;
			children = (
				3FC3A2E5130C663900B7A567 /* SA_OAuthTwitterController.h */,
				3FC3A2E6130C663900B7A567 /* SA_OAuthTwitterController.m */,
				3FC3A2E7130C663900B7A567 /* SA_OAuthTwitterEngine.h */,
				3FC3A2E8130C663900B7A567 /* SA_OAuthTwitterEngine.m */,
				3FC3A2E9130C663900B7A567 /* twitter_load.png */,
			);
			name = SAOAuthTwitterEngine;
			path = "Twitter+OAuth/SAOAuthTwitterEngine";
			sourceTree = "<group>";
		};
		3FC75003130316A100BE704C /* SignUp */ = {
			isa = PBXGroup;
			children = (
				3FB2DD65130B03ED00D76AD5 /* SignUp.h */,
				3FB2DD66130B03ED00D76AD5 /* SignUp.m */,
				3FB2DD64130B03ED00D76AD5 /* SignUp.xib */,
				3FB2DD68130B03ED00D76AD5 /* SignUpFooter.h */,
				3FB2DD69130B03ED00D76AD5 /* SignUpFooter.m */,
				3FB2DD67130B03ED00D76AD5 /* SignUpFooter.xib */,
				3FC3A29D130C209F00B7A567 /* SocialSignUp.h */,
				3FC3A29E130C209F00B7A567 /* SocialSignUp.m */,
				3FC3A29C130C209F00B7A567 /* SocialSignUp.xib */,
			);
			name = SignUp;
			sourceTree = "<group>";
		};
		3FC7500A1303174200BE704C /* ViewControllers */ = {
			isa = PBXGroup;
			children = (
				3FD73F69130483820098BE6B /* Drinks */,
				3FD73F3413047DDD0098BE6B /* User */,
				3FD73F2F13047D7E0098BE6B /* Friends */,
			);
			name = ViewControllers;
			sourceTree = "<group>";
		};
		3FC7500B1303175A00BE704C /* Models */ = {
			isa = PBXGroup;
			children = (
				3FB2DD20130B036800D76AD5 /* User.h */,
				3FB2DD21130B036800D76AD5 /* User.m */,
			);
			name = Models;
			sourceTree = "<group>";
		};
		3FC750171303182000BE704C /* Vendors */ = {
			isa = PBXGroup;
			children = (
				3FD73F10130474450098BE6B /* JSON */,
				3FC750451303188C00BE704C /* TwitterConnect */,
				3FC750201303183B00BE704C /* FacebookConnect */,
			);
			name = Vendors;
			sourceTree = "<group>";
		};
		3FC750201303183B00BE704C /* FacebookConnect */ = {
			isa = PBXGroup;
			children = (
				3FB2DD36130B039500D76AD5 /* Facebook.h */,
				3FB2DD37130B039500D76AD5 /* Facebook.m */,
				3FB2DD38130B039500D76AD5 /* FBConnect.bundle */,
				3FB2DD39130B039500D76AD5 /* FBConnect.h */,
				3FB2DD3A130B039500D76AD5 /* FBDialog.bundle */,
				3FB2DD3B130B039500D76AD5 /* FBDialog.h */,
				3FB2DD3C130B039500D76AD5 /* FBDialog.m */,
				3FB2DD3D130B039500D76AD5 /* FBLoginButton.h */,
				3FB2DD3E130B039500D76AD5 /* FBLoginButton.m */,
				3FB2DD3F130B039500D76AD5 /* FBLoginDialog.h */,
				3FB2DD40130B039500D76AD5 /* FBLoginDialog.m */,
				3FB2DD41130B039500D76AD5 /* FBRequest.h */,
				3FB2DD42130B039500D76AD5 /* FBRequest.m */,
			);
			name = FacebookConnect;
			path = FacebookAgent;
			sourceTree = "<group>";
		};
		3FC750451303188C00BE704C /* TwitterConnect */ = {
			isa = PBXGroup;
			children = (
				3F4BBE22130C749F00D3801C /* TwitterConnect.h */,
				3F4BBE23130C749F00D3801C /* TwitterConnect.m */,
				3FC3A2AF130C663900B7A567 /* Libraries & Headers */,
				3FC3A2C3130C663900B7A567 /* MGTwitterEngine */,
				3FC3A2E4130C663900B7A567 /* SAOAuthTwitterEngine */,
			);
			name = TwitterConnect;
			sourceTree = "<group>";
		};
		3FC7508C130320F100BE704C /* Helpers */ = {
			isa = PBXGroup;
			children = (
				3F9873F2130D6FDE004F325C /* O2Navigation.h */,
				3F9873F3130D6FDE004F325C /* O2Navigation.m */,
				3FB2DD1D130B035800D76AD5 /* O2Request.h */,
				3FB2DD1E130B035800D76AD5 /* O2Request.m */,
				3FDB672B130B317700145C7E /* O2FormHelper.h */,
				3FDB672C130B317700145C7E /* O2FormHelper.m */,
				3F9059CD130DCC6900425E47 /* O2Authentication.h */,
				3F9059CE130DCC6900425E47 /* O2Authentication.m */,
			);
			name = Helpers;
			sourceTree = "<group>";
		};
		3FD73EFC130452F90098BE6B /* Config */ = {
			isa = PBXGroup;
			children = (
				3FB2DD19130B033900D76AD5 /* AppConfig.h */,
				3FC3A2A6130C303600B7A567 /* AppGlobal.h */,
				3FC3A2A4130C302A00B7A567 /* AppGlobal.m */,
			);
			name = Config;
			sourceTree = "<group>";
		};
		3FD73F10130474450098BE6B /* JSON */ = {
			isa = PBXGroup;
			children = (
				3FB2DD23130B037500D76AD5 /* JSON.h */,
				3FB2DD24130B037500D76AD5 /* NSObject+SBJSON.h */,
				3FB2DD25130B037500D76AD5 /* NSObject+SBJSON.m */,
				3FB2DD26130B037500D76AD5 /* NSString+SBJSON.h */,
				3FB2DD27130B037500D76AD5 /* NSString+SBJSON.m */,
				3FB2DD28130B037500D76AD5 /* SBJSON.h */,
				3FB2DD29130B037500D76AD5 /* SBJSON.m */,
				3FB2DD2A130B037500D76AD5 /* SBJsonBase.h */,
				3FB2DD2B130B037500D76AD5 /* SBJsonBase.m */,
				3FB2DD2C130B037500D76AD5 /* SBJsonParser.h */,
				3FB2DD2D130B037500D76AD5 /* SBJsonParser.m */,
				3FB2DD2E130B037500D76AD5 /* SBJsonWriter.h */,
				3FB2DD2F130B037500D76AD5 /* SBJsonWriter.m */,
			);
			name = JSON;
			sourceTree = "<group>";
		};
		3FD73F2F13047D7E0098BE6B /* Friends */ = {
			isa = PBXGroup;
			children = (
				3FD73F3313047DC50098BE6B /* Search */,
				3FD73F3213047DB50098BE6B /* Show */,
				3FD73F3113047DAB0098BE6B /* List */,
				3FD73F3013047D860098BE6B /* Feed */,
			);
			name = Friends;
			sourceTree = "<group>";
		};
		3FD73F3013047D860098BE6B /* Feed */ = {
			isa = PBXGroup;
			children = (
				3FD5DA04130EF0730002916F /* FriendFeeds.xib */,
				3FD5DA05130EF0730002916F /* FriendFeeds.h */,
				3FD5DA06130EF0730002916F /* FriendFeeds.m */,
			);
			name = Feed;
			sourceTree = "<group>";
		};
		3FD73F3113047DAB0098BE6B /* List */ = {
			isa = PBXGroup;
			children = (
			);
			name = List;
			sourceTree = "<group>";
		};
		3FD73F3213047DB50098BE6B /* Show */ = {
			isa = PBXGroup;
			children = (
			);
			name = Show;
			sourceTree = "<group>";
		};
		3FD73F3313047DC50098BE6B /* Search */ = {
			isa = PBXGroup;
			children = (
			);
			name = Search;
			sourceTree = "<group>";
		};
		3FD73F3413047DDD0098BE6B /* User */ = {
			isa = PBXGroup;
			children = (
				3F2349F71301E92000D116A3 /* Welcome */,
				3FAD9CD21304101600FBAF0C /* Home */,
				3FC75003130316A100BE704C /* SignUp */,
				3FD73F3613047DF80098BE6B /* Settings */,
				3FD73F3513047DE90098BE6B /* Drinks */,
			);
			name = User;
			sourceTree = "<group>";
		};
		3FD73F3513047DE90098BE6B /* Drinks */ = {
			isa = PBXGroup;
			children = (
			);
			name = Drinks;
			sourceTree = "<group>";
		};
		3FD73F3613047DF80098BE6B /* Settings */ = {
			isa = PBXGroup;
			children = (
				3FA281AA130ECD1B00206747 /* Settings.h */,
				3FA281AB130ECD1B00206747 /* Settings.m */,
				3FA281AC130ECD1B00206747 /* Settings.xib */,
			);
			name = Settings;
			sourceTree = "<group>";
		};
		3FD73F69130483820098BE6B /* Drinks */ = {
			isa = PBXGroup;
			children = (
				3FD73F6C130483A40098BE6B /* Show */,
				3FD73F6A130483910098BE6B /* List */,
			);
			name = Drinks;
			sourceTree = "<group>";
		};
		3FD73F6A130483910098BE6B /* List */ = {
			isa = PBXGroup;
			children = (
				3FB2DD4A130B03A600D76AD5 /* DrinkList.xib */,
				3FB2DD4B130B03A600D76AD5 /* DrinkList.h */,
				3FB2DD4C130B03A600D76AD5 /* DrinkList.m */,
			);
			name = List;
			sourceTree = "<group>";
		};
		3FD73F6C130483A40098BE6B /* Show */ = {
			isa = PBXGroup;
			children = (
			);
			name = Show;
			sourceTree = "<group>";
		};
/* End PBXGroup section */

/* Begin PBXNativeTarget section */
		1D6058900D05DD3D006BFB54 /* BeerCounter */ = {
			isa = PBXNativeTarget;
			buildConfigurationList = 1D6058960D05DD3E006BFB54 /* Build configuration list for PBXNativeTarget "BeerCounter" */;
			buildPhases = (
				1D60588D0D05DD3D006BFB54 /* Resources */,
				1D60588E0D05DD3D006BFB54 /* Sources */,
				1D60588F0D05DD3D006BFB54 /* Frameworks */,
			);
			buildRules = (
			);
			dependencies = (
			);
			name = BeerCounter;
			productName = BeerCounter;
			productReference = 3FADE37F130B18030067B564 /* BeerCounter.app */;
			productType = "com.apple.product-type.application";
		};
/* End PBXNativeTarget section */

/* Begin PBXProject section */
		29B97313FDCFA39411CA2CEA /* Project object */ = {
			isa = PBXProject;
			buildConfigurationList = C01FCF4E08A954540054247B /* Build configuration list for PBXProject "BeerCounter" */;
			compatibilityVersion = "Xcode 3.2";
			developmentRegion = English;
			hasScannedForEncodings = 1;
			knownRegions = (
				English,
				Japanese,
				French,
				German,
			);
			mainGroup = 29B97314FDCFA39411CA2CEA /* CustomTemplate */;
			projectDirPath = "";
			projectRoot = "";
			targets = (
				1D6058900D05DD3D006BFB54 /* BeerCounter */,
			);
		};
/* End PBXProject section */

/* Begin PBXResourcesBuildPhase section */
		1D60588D0D05DD3D006BFB54 /* Resources */ = {
			isa = PBXResourcesBuildPhase;
			buildActionMask = 2147483647;
			files = (
				3FB2DD44130B039500D76AD5 /* FBConnect.bundle in Resources */,
				3FB2DD45130B039500D76AD5 /* FBDialog.bundle in Resources */,
				3FB2DD4D130B03A600D76AD5 /* DrinkList.xib in Resources */,
				3FB2DD55130B03B400D76AD5 /* Welcome.xib in Resources */,
				3FB2DD57130B03B400D76AD5 /* WelcomeFooter.xib in Resources */,
				3FB2DD5E130B03CE00D76AD5 /* Counter.xib in Resources */,
				3FB2DD62130B03E100D76AD5 /* Home.xib in Resources */,
				3FB2DD6A130B03ED00D76AD5 /* SignUp.xib in Resources */,
				3FB2DD6C130B03ED00D76AD5 /* SignUpFooter.xib in Resources */,
				3FB2DD79130B046E00D76AD5 /* MainWindow.xib in Resources */,
				3FB2DD7C130B062C00D76AD5 /* user.png in Resources */,
				3FC3A29F130C209F00B7A567 /* SocialSignUp.xib in Resources */,
				3FC3A2EA130C663900B7A567 /* jQueryInject.txt in Resources */,
				3FC3A2EB130C663900B7A567 /* jQueryInjectLandscape.txt in Resources */,
				3FC3A2FD130C663900B7A567 /* twitter_load.png in Resources */,
				3FA281AE130ECD1B00206747 /* Settings.xib in Resources */,
				3FD5DA07130EF0730002916F /* FriendFeeds.xib in Resources */,
			);
			runOnlyForDeploymentPostprocessing = 0;
		};
/* End PBXResourcesBuildPhase section */

/* Begin PBXSourcesBuildPhase section */
		1D60588E0D05DD3D006BFB54 /* Sources */ = {
			isa = PBXSourcesBuildPhase;
			buildActionMask = 2147483647;
			files = (
				3FB2DD1C130B034C00D76AD5 /* BeerCounterAppDelegate.m in Sources */,
				3FB2DD1F130B035800D76AD5 /* O2Request.m in Sources */,
				3FB2DD22130B036800D76AD5 /* User.m in Sources */,
				3FB2DD30130B037500D76AD5 /* NSObject+SBJSON.m in Sources */,
				3FB2DD31130B037500D76AD5 /* NSString+SBJSON.m in Sources */,
				3FB2DD32130B037500D76AD5 /* SBJSON.m in Sources */,
				3FB2DD33130B037500D76AD5 /* SBJsonBase.m in Sources */,
				3FB2DD34130B037500D76AD5 /* SBJsonParser.m in Sources */,
				3FB2DD35130B037500D76AD5 /* SBJsonWriter.m in Sources */,
				3FB2DD43130B039500D76AD5 /* Facebook.m in Sources */,
				3FB2DD46130B039500D76AD5 /* FBDialog.m in Sources */,
				3FB2DD47130B039500D76AD5 /* FBLoginButton.m in Sources */,
				3FB2DD48130B039500D76AD5 /* FBLoginDialog.m in Sources */,
				3FB2DD49130B039500D76AD5 /* FBRequest.m in Sources */,
				3FB2DD4E130B03A600D76AD5 /* DrinkList.m in Sources */,
				3FB2DD56130B03B400D76AD5 /* Welcome.m in Sources */,
				3FB2DD58130B03B400D76AD5 /* WelcomeFooter.m in Sources */,
				3FB2DD5D130B03CE00D76AD5 /* Counter.m in Sources */,
				3FB2DD63130B03E100D76AD5 /* Home.m in Sources */,
				3FB2DD6B130B03ED00D76AD5 /* SignUp.m in Sources */,
				3FB2DD6D130B03ED00D76AD5 /* SignUpFooter.m in Sources */,
				3FB2DD75130B045B00D76AD5 /* main.m in Sources */,
				3FADE390130B188E0067B564 /* BeerCounter.xcdatamodeld in Sources */,
				3FDB672D130B317700145C7E /* O2FormHelper.m in Sources */,
				3FC3A2A0130C209F00B7A567 /* SocialSignUp.m in Sources */,
				3FC3A2A5130C302A00B7A567 /* AppGlobal.m in Sources */,
				3FC3A2FB130C663900B7A567 /* SA_OAuthTwitterController.m in Sources */,
				3FC3A2FC130C663900B7A567 /* SA_OAuthTwitterEngine.m in Sources */,
				3F4BBE25130C749F00D3801C /* TwitterConnect.m in Sources */,
				3F9873F4130D6FDE004F325C /* O2Navigation.m in Sources */,
				3F987492130D9DF8004F325C /* MGTwitterEngine.m in Sources */,
				3F987493130D9DF8004F325C /* MGTwitterHTTPURLConnection.m in Sources */,
				3F987494130D9DF8004F325C /* MGTwitterLibXMLParser.m in Sources */,
				3F987495130D9DF8004F325C /* MGTwitterMessagesLibXMLParser.m in Sources */,
				3F987496130D9DF8004F325C /* MGTwitterMessagesParser.m in Sources */,
				3F987497130D9DF8004F325C /* MGTwitterMiscLibXMLParser.m in Sources */,
				3F987498130D9DF8004F325C /* MGTwitterMiscParser.m in Sources */,
				3F987499130D9DF8004F325C /* MGTwitterStatusesLibXMLParser.m in Sources */,
				3F98749A130D9DF8004F325C /* MGTwitterStatusesParser.m in Sources */,
				3F98749B130D9DF8004F325C /* MGTwitterUsersLibXMLParser.m in Sources */,
				3F98749C130D9DF8004F325C /* MGTwitterUsersParser.m in Sources */,
				3F98749D130D9DF8004F325C /* MGTwitterXMLParser.m in Sources */,
				3F98749E130D9DF8004F325C /* NSData+Base64.m in Sources */,
				3F98749F130D9DF8004F325C /* NSString+UUID.m in Sources */,
				3F9059CF130DCC6900425E47 /* O2Authentication.m in Sources */,
				3FA281AD130ECD1B00206747 /* Settings.m in Sources */,
				3FD5DA08130EF0730002916F /* FriendFeeds.m in Sources */,
			);
			runOnlyForDeploymentPostprocessing = 0;
		};
/* End PBXSourcesBuildPhase section */

/* Begin XCBuildConfiguration section */
		1D6058940D05DD3E006BFB54 /* Debug */ = {
			isa = XCBuildConfiguration;
			buildSettings = {
				ALWAYS_SEARCH_USER_PATHS = NO;
				CODE_SIGN_IDENTITY = "";
				"CODE_SIGN_IDENTITY[sdk=iphoneos*]" = "Don't Code Sign";
				COPY_PHASE_STRIP = NO;
				GCC_DYNAMIC_NO_PIC = NO;
				GCC_OPTIMIZATION_LEVEL = 0;
				GCC_PRECOMPILE_PREFIX_HEADER = YES;
				GCC_PREFIX_HEADER = BeerCounter_Prefix.pch;
				HEADER_SEARCH_PATHS = "$(SDKROOT)/usr/include/libxml2/**";
				INFOPLIST_FILE = "BeerCounter-Info.plist";
				LIBRARY_SEARCH_PATHS = (
					"$(inherited)",
					"\"$(SRCROOT)/Classes/Twitter+OAuth/Libraries & Headers\"",
					"$(SDKROOT)/usr/include/libxml2/**",
				);
				PRODUCT_NAME = BeerCounter;
				"PROVISIONING_PROFILE[sdk=iphoneos*]" = "";
			};
			name = Debug;
		};
		1D6058950D05DD3E006BFB54 /* Release */ = {
			isa = XCBuildConfiguration;
			buildSettings = {
				ALWAYS_SEARCH_USER_PATHS = NO;
				CODE_SIGN_IDENTITY = "";
				"CODE_SIGN_IDENTITY[sdk=iphoneos*]" = "Don't Code Sign";
				COPY_PHASE_STRIP = YES;
				GCC_PRECOMPILE_PREFIX_HEADER = YES;
				GCC_PREFIX_HEADER = BeerCounter_Prefix.pch;
				HEADER_SEARCH_PATHS = "$(SDKROOT)/usr/include/libxml2/**";
				INFOPLIST_FILE = "BeerCounter-Info.plist";
				LIBRARY_SEARCH_PATHS = (
					"$(inherited)",
					"\"$(SRCROOT)/Classes/Twitter+OAuth/Libraries & Headers\"",
					"$(SDKROOT)/usr/include/libxml2/**",
				);
				PRODUCT_NAME = BeerCounter;
				"PROVISIONING_PROFILE[sdk=iphoneos*]" = "";
				VALIDATE_PRODUCT = YES;
			};
			name = Release;
		};
		C01FCF4F08A954540054247B /* Debug */ = {
			isa = XCBuildConfiguration;
			buildSettings = {
				ARCHS = "$(ARCHS_STANDARD_32_BIT)";
				CODE_SIGN_IDENTITY = "";
				"CODE_SIGN_IDENTITY[sdk=iphoneos*]" = "iPhone Developer";
				GCC_C_LANGUAGE_STANDARD = c99;
				GCC_WARN_ABOUT_RETURN_TYPE = YES;
				GCC_WARN_UNUSED_VARIABLE = YES;
				OTHER_CFLAGS = "";
				PREBINDING = NO;
				"PROVISIONING_PROFILE[sdk=iphoneos*]" = "";
				SDKROOT = iphoneos;
			};
			name = Debug;
		};
		C01FCF5008A954540054247B /* Release */ = {
			isa = XCBuildConfiguration;
			buildSettings = {
				ARCHS = "$(ARCHS_STANDARD_32_BIT)";
				CODE_SIGN_IDENTITY = "";
				"CODE_SIGN_IDENTITY[sdk=iphoneos*]" = "iPhone Developer";
				GCC_C_LANGUAGE_STANDARD = c99;
				GCC_WARN_ABOUT_RETURN_TYPE = YES;
				GCC_WARN_UNUSED_VARIABLE = YES;
				OTHER_CFLAGS = "";
				PREBINDING = NO;
				SDKROOT = iphoneos;
			};
			name = Release;
		};
/* End XCBuildConfiguration section */

/* Begin XCConfigurationList section */
		1D6058960D05DD3E006BFB54 /* Build configuration list for PBXNativeTarget "BeerCounter" */ = {
			isa = XCConfigurationList;
			buildConfigurations = (
				1D6058940D05DD3E006BFB54 /* Debug */,
				1D6058950D05DD3E006BFB54 /* Release */,
			);
			defaultConfigurationIsVisible = 0;
			defaultConfigurationName = Release;
		};
		C01FCF4E08A954540054247B /* Build configuration list for PBXProject "BeerCounter" */ = {
			isa = XCConfigurationList;
			buildConfigurations = (
				C01FCF4F08A954540054247B /* Debug */,
				C01FCF5008A954540054247B /* Release */,
			);
			defaultConfigurationIsVisible = 0;
			defaultConfigurationName = Release;
		};
/* End XCConfigurationList section */

/* Begin XCVersionGroup section */
		3FADE38E130B188E0067B564 /* BeerCounter.xcdatamodeld */ = {
			isa = XCVersionGroup;
			children = (
				3FADE38F130B188E0067B564 /* BeerCounter.xcdatamodel */,
			);
			currentVersion = 3FADE38F130B188E0067B564 /* BeerCounter.xcdatamodel */;
			path = BeerCounter.xcdatamodeld;
			sourceTree = "<group>";
			versionGroupType = wrapper.xcdatamodel;
		};
/* End XCVersionGroup section */
	};
	rootObject = 29B97313FDCFA39411CA2CEA /* Project object */;
}
